
Microsoft Visual Studio Solution File, Format Version 12.00
# Visual Studio Version 17
VisualStudioVersion = 17.8.34330.188
MinimumVisualStudioVersion = 10.0.40219.1
Project("{FAE04EC0-301F-11D3-BF4B-00C04F79EFBC}") = "Infrastructure", "Infrastructure\Infrastructure.csproj", "{1413F53D-721C-40D4-AB96-96BC78F499B8}"
EndProject
Project("{FAE04EC0-301F-11D3-BF4B-00C04F79EFBC}") = "Presentation", "Presentation\Presentation.csproj", "{F6D4FD19-C0BC-4ECF-9D99-8A229D3038EE}"
EndProject
Global
	GlobalSection(SolutionConfigurationPlatforms) = preSolution
		Debug|Any CPU = Debug|Any CPU
		Release|Any CPU = Release|Any CPU
	EndGlobalSection
	GlobalSection(ProjectConfigurationPlatforms) = postSolution
		{1413F53D-721C-40D4-AB96-96BC78F499B8}.Debug|Any CPU.ActiveCfg = Debug|Any CPU
		{1413F53D-721C-40D4-AB96-96BC78F499B8}.Debug|Any CPU.Build.0 = Debug|Any CPU
		{1413F53D-721C-40D4-AB96-96BC78F499B8}.Release|Any CPU.ActiveCfg = Release|Any CPU
		{1413F53D-721C-40D4-AB96-96BC78F499B8}.Release|Any CPU.Build.0 = Release|Any CPU
		{F6D4FD19-C0BC-4ECF-9D99-8A229D3038EE}.Debug|Any CPU.ActiveCfg = Debug|Any CPU
		{F6D4FD19-C0BC-4ECF-9D99-8A229D3038EE}.Debug|Any CPU.Build.0 = Debug|Any CPU
		{F6D4FD19-C0BC-4ECF-9D99-8A229D3038EE}.Release|Any CPU.ActiveCfg = Release|Any CPU
		{F6D4FD19-C0BC-4ECF-9D99-8A229D3038EE}.Release|Any CPU.Build.0 = Release|Any CPU
	EndGlobalSection
	GlobalSection(SolutionProperties) = preSolution
		HideSolutionNode = FALSE
	EndGlobalSection
	GlobalSection(ExtensibilityGlobals) = postSolution
		SolutionGuid = {9514BFEF-E40D-4AFD-89F1-E3AB5C8473CB}
	EndGlobalSection
EndGlobal
